
Microsoft Visual Studio Solution File, Format Version 12.00
# Visual Studio Version 17
VisualStudioVersion = 17.0.31903.59
MinimumVisualStudioVersion = 10.0.40219.1
Project("{FAE04EC0-301F-11D3-BF4B-00C04F79EFBC}") = "AutenticacaoService", "AutenticacaoService\AutenticacaoService.csproj", "{1184153D-B219-4574-8DD6-A3B2CE303F58}"
EndProject
Project("{FAE04EC0-301F-11D3-BF4B-00C04F79EFBC}") = "PedidoService", "PedidoService\PedidoService.csproj", "{267A08B0-AA72-4EBD-82D3-3CAAFF47BA15}"
EndProject
Project("{FAE04EC0-301F-11D3-BF4B-00C04F79EFBC}") = "RelatorioService", "RelatorioService\RelatorioService.csproj", "{A287DB95-5125-49F1-8FD7-72335B4C436C}"
EndProject
Project("{FAE04EC0-301F-11D3-BF4B-00C04F79EFBC}") = "PagamentoService", "PagamentoService\PagamentoService.csproj", "{696EE27E-D246-4F40-B9E4-0486CA0E109A}"
EndProject
Project("{FAE04EC0-301F-11D3-BF4B-00C04F79EFBC}") = "FuncionarioService", "FuncionarioService\FuncionarioService.csproj", "{7149BD50-E0E1-4503-B8EE-37EE2A0233AB}"
EndProject
Project("{FAE04EC0-301F-11D3-BF4B-00C04F79EFBC}") = "MesaService", "MesaService\MesaService.csproj", "{D2474F77-84A0-4B38-A2BA-2E3F4351E79F}"
EndProject
Project("{FAE04EC0-301F-11D3-BF4B-00C04F79EFBC}") = "ProdutoService", "ProdutoService\ProdutoService.csproj", "{5AF3EF91-F888-4153-8F1F-DD9EA758458D}"
EndProject
Project("{2150E333-8FDC-42A3-9474-1A3956D46DE8}") = "Tests", "Tests", "{02EA681E-C7D8-13C7-8484-4AC65E1B71E8}"
EndProject
Project("{2150E333-8FDC-42A3-9474-1A3956D46DE8}") = "ProdutoTest", "ProdutoTest", "{67288952-EC19-42EF-8440-89DE606B8332}"
EndProject
Project("{FAE04EC0-301F-11D3-BF4B-00C04F79EFBC}") = "ProdutoTest", "ProdutoTest\ProdutoTest.csproj", "{5B438182-F2FD-44BF-BFF4-DA2646926173}"
EndProject
Project("{2150E333-8FDC-42A3-9474-1A3956D46DE8}") = "FuncionarioTest", "FuncionarioTest", "{B74ED130-1E0E-43F2-A80A-F1DB2666C0AF}"
EndProject
Project("{FAE04EC0-301F-11D3-BF4B-00C04F79EFBC}") = "FuncionarioTest", "FuncionarioTest\FuncionarioTest.csproj", "{948444E3-7FD3-461B-9D3B-352A362D02CD}"
EndProject
Project("{2150E333-8FDC-42A3-9474-1A3956D46DE8}") = "PedidoTest", "PedidoTest", "{08848FA5-FB61-490B-B95D-74A211ABAC5E}"
EndProject
Project("{FAE04EC0-301F-11D3-BF4B-00C04F79EFBC}") = "PedidoTest", "PedidoTest\PedidoTest.csproj", "{687D4058-589C-421C-807A-2705B9D93152}"
EndProject
Project("{FAE04EC0-301F-11D3-BF4B-00C04F79EFBC}") = "ExpoPushBackend", "ExpoPushBackend\ExpoPushBackend.csproj", "{6E9E291E-A086-43AA-8EC7-DE1C1E54A494}"
EndProject
Global
	GlobalSection(SolutionConfigurationPlatforms) = preSolution
		Debug|Any CPU = Debug|Any CPU
		Debug|x64 = Debug|x64
		Debug|x86 = Debug|x86
		Release|Any CPU = Release|Any CPU
		Release|x64 = Release|x64
		Release|x86 = Release|x86
	EndGlobalSection
	GlobalSection(ProjectConfigurationPlatforms) = postSolution
		{1184153D-B219-4574-8DD6-A3B2CE303F58}.Debug|Any CPU.ActiveCfg = Debug|Any CPU
		{1184153D-B219-4574-8DD6-A3B2CE303F58}.Debug|Any CPU.Build.0 = Debug|Any CPU
		{1184153D-B219-4574-8DD6-A3B2CE303F58}.Debug|x64.ActiveCfg = Debug|Any CPU
		{1184153D-B219-4574-8DD6-A3B2CE303F58}.Debug|x64.Build.0 = Debug|Any CPU
		{1184153D-B219-4574-8DD6-A3B2CE303F58}.Debug|x86.ActiveCfg = Debug|Any CPU
		{1184153D-B219-4574-8DD6-A3B2CE303F58}.Debug|x86.Build.0 = Debug|Any CPU
		{1184153D-B219-4574-8DD6-A3B2CE303F58}.Release|Any CPU.ActiveCfg = Release|Any CPU
		{1184153D-B219-4574-8DD6-A3B2CE303F58}.Release|Any CPU.Build.0 = Release|Any CPU
		{1184153D-B219-4574-8DD6-A3B2CE303F58}.Release|x64.ActiveCfg = Release|Any CPU
		{1184153D-B219-4574-8DD6-A3B2CE303F58}.Release|x64.Build.0 = Release|Any CPU
		{1184153D-B219-4574-8DD6-A3B2CE303F58}.Release|x86.ActiveCfg = Release|Any CPU
		{1184153D-B219-4574-8DD6-A3B2CE303F58}.Release|x86.Build.0 = Release|Any CPU
		{267A08B0-AA72-4EBD-82D3-3CAAFF47BA15}.Debug|Any CPU.ActiveCfg = Debug|Any CPU
		{267A08B0-AA72-4EBD-82D3-3CAAFF47BA15}.Debug|Any CPU.Build.0 = Debug|Any CPU
		{267A08B0-AA72-4EBD-82D3-3CAAFF47BA15}.Debug|x64.ActiveCfg = Debug|Any CPU
		{267A08B0-AA72-4EBD-82D3-3CAAFF47BA15}.Debug|x64.Build.0 = Debug|Any CPU
		{267A08B0-AA72-4EBD-82D3-3CAAFF47BA15}.Debug|x86.ActiveCfg = Debug|Any CPU
		{267A08B0-AA72-4EBD-82D3-3CAAFF47BA15}.Debug|x86.Build.0 = Debug|Any CPU
		{267A08B0-AA72-4EBD-82D3-3CAAFF47BA15}.Release|Any CPU.ActiveCfg = Release|Any CPU
		{267A08B0-AA72-4EBD-82D3-3CAAFF47BA15}.Release|Any CPU.Build.0 = Release|Any CPU
		{267A08B0-AA72-4EBD-82D3-3CAAFF47BA15}.Release|x64.ActiveCfg = Release|Any CPU
		{267A08B0-AA72-4EBD-82D3-3CAAFF47BA15}.Release|x64.Build.0 = Release|Any CPU
		{267A08B0-AA72-4EBD-82D3-3CAAFF47BA15}.Release|x86.ActiveCfg = Release|Any CPU
		{267A08B0-AA72-4EBD-82D3-3CAAFF47BA15}.Release|x86.Build.0 = Release|Any CPU
		{A287DB95-5125-49F1-8FD7-72335B4C436C}.Debug|Any CPU.ActiveCfg = Debug|Any CPU
		{A287DB95-5125-49F1-8FD7-72335B4C436C}.Debug|Any CPU.Build.0 = Debug|Any CPU
		{A287DB95-5125-49F1-8FD7-72335B4C436C}.Debug|x64.ActiveCfg = Debug|Any CPU
		{A287DB95-5125-49F1-8FD7-72335B4C436C}.Debug|x64.Build.0 = Debug|Any CPU
		{A287DB95-5125-49F1-8FD7-72335B4C436C}.Debug|x86.ActiveCfg = Debug|Any CPU
		{A287DB95-5125-49F1-8FD7-72335B4C436C}.Debug|x86.Build.0 = Debug|Any CPU
		{A287DB95-5125-49F1-8FD7-72335B4C436C}.Release|Any CPU.ActiveCfg = Release|Any CPU
		{A287DB95-5125-49F1-8FD7-72335B4C436C}.Release|Any CPU.Build.0 = Release|Any CPU
		{A287DB95-5125-49F1-8FD7-72335B4C436C}.Release|x64.ActiveCfg = Release|Any CPU
		{A287DB95-5125-49F1-8FD7-72335B4C436C}.Release|x64.Build.0 = Release|Any CPU
		{A287DB95-5125-49F1-8FD7-72335B4C436C}.Release|x86.ActiveCfg = Release|Any CPU
		{A287DB95-5125-49F1-8FD7-72335B4C436C}.Release|x86.Build.0 = Release|Any CPU
		{696EE27E-D246-4F40-B9E4-0486CA0E109A}.Debug|Any CPU.ActiveCfg = Debug|Any CPU
		{696EE27E-D246-4F40-B9E4-0486CA0E109A}.Debug|Any CPU.Build.0 = Debug|Any CPU
		{696EE27E-D246-4F40-B9E4-0486CA0E109A}.Debug|x64.ActiveCfg = Debug|Any CPU
		{696EE27E-D246-4F40-B9E4-0486CA0E109A}.Debug|x64.Build.0 = Debug|Any CPU
		{696EE27E-D246-4F40-B9E4-0486CA0E109A}.Debug|x86.ActiveCfg = Debug|Any CPU
		{696EE27E-D246-4F40-B9E4-0486CA0E109A}.Debug|x86.Build.0 = Debug|Any CPU
		{696EE27E-D246-4F40-B9E4-0486CA0E109A}.Release|Any CPU.ActiveCfg = Release|Any CPU
		{696EE27E-D246-4F40-B9E4-0486CA0E109A}.Release|Any CPU.Build.0 = Release|Any CPU
		{696EE27E-D246-4F40-B9E4-0486CA0E109A}.Release|x64.ActiveCfg = Release|Any CPU
		{696EE27E-D246-4F40-B9E4-0486CA0E109A}.Release|x64.Build.0 = Release|Any CPU
		{696EE27E-D246-4F40-B9E4-0486CA0E109A}.Release|x86.ActiveCfg = Release|Any CPU
		{696EE27E-D246-4F40-B9E4-0486CA0E109A}.Release|x86.Build.0 = Release|Any CPU
		{7149BD50-E0E1-4503-B8EE-37EE2A0233AB}.Debug|Any CPU.ActiveCfg = Debug|Any CPU
		{7149BD50-E0E1-4503-B8EE-37EE2A0233AB}.Debug|Any CPU.Build.0 = Debug|Any CPU
		{7149BD50-E0E1-4503-B8EE-37EE2A0233AB}.Debug|x64.ActiveCfg = Debug|Any CPU
		{7149BD50-E0E1-4503-B8EE-37EE2A0233AB}.Debug|x64.Build.0 = Debug|Any CPU
		{7149BD50-E0E1-4503-B8EE-37EE2A0233AB}.Debug|x86.ActiveCfg = Debug|Any CPU
		{7149BD50-E0E1-4503-B8EE-37EE2A0233AB}.Debug|x86.Build.0 = Debug|Any CPU
		{7149BD50-E0E1-4503-B8EE-37EE2A0233AB}.Release|Any CPU.ActiveCfg = Release|Any CPU
		{7149BD50-E0E1-4503-B8EE-37EE2A0233AB}.Release|Any CPU.Build.0 = Release|Any CPU
		{7149BD50-E0E1-4503-B8EE-37EE2A0233AB}.Release|x64.ActiveCfg = Release|Any CPU
		{7149BD50-E0E1-4503-B8EE-37EE2A0233AB}.Release|x64.Build.0 = Release|Any CPU
		{7149BD50-E0E1-4503-B8EE-37EE2A0233AB}.Release|x86.ActiveCfg = Release|Any CPU
		{7149BD50-E0E1-4503-B8EE-37EE2A0233AB}.Release|x86.Build.0 = Release|Any CPU
		{D2474F77-84A0-4B38-A2BA-2E3F4351E79F}.Debug|Any CPU.ActiveCfg = Debug|Any CPU
		{D2474F77-84A0-4B38-A2BA-2E3F4351E79F}.Debug|Any CPU.Build.0 = Debug|Any CPU
		{D2474F77-84A0-4B38-A2BA-2E3F4351E79F}.Debug|x64.ActiveCfg = Debug|Any CPU
		{D2474F77-84A0-4B38-A2BA-2E3F4351E79F}.Debug|x64.Build.0 = Debug|Any CPU
		{D2474F77-84A0-4B38-A2BA-2E3F4351E79F}.Debug|x86.ActiveCfg = Debug|Any CPU
		{D2474F77-84A0-4B38-A2BA-2E3F4351E79F}.Debug|x86.Build.0 = Debug|Any CPU
		{D2474F77-84A0-4B38-A2BA-2E3F4351E79F}.Release|Any CPU.ActiveCfg = Release|Any CPU
		{D2474F77-84A0-4B38-A2BA-2E3F4351E79F}.Release|Any CPU.Build.0 = Release|Any CPU
		{D2474F77-84A0-4B38-A2BA-2E3F4351E79F}.Release|x64.ActiveCfg = Release|Any CPU
		{D2474F77-84A0-4B38-A2BA-2E3F4351E79F}.Release|x64.Build.0 = Release|Any CPU
		{D2474F77-84A0-4B38-A2BA-2E3F4351E79F}.Release|x86.ActiveCfg = Release|Any CPU
		{D2474F77-84A0-4B38-A2BA-2E3F4351E79F}.Release|x86.Build.0 = Release|Any CPU
		{5AF3EF91-F888-4153-8F1F-DD9EA758458D}.Debug|Any CPU.ActiveCfg = Debug|Any CPU
		{5AF3EF91-F888-4153-8F1F-DD9EA758458D}.Debug|Any CPU.Build.0 = Debug|Any CPU
		{5AF3EF91-F888-4153-8F1F-DD9EA758458D}.Debug|x64.ActiveCfg = Debug|Any CPU
		{5AF3EF91-F888-4153-8F1F-DD9EA758458D}.Debug|x64.Build.0 = Debug|Any CPU
		{5AF3EF91-F888-4153-8F1F-DD9EA758458D}.Debug|x86.ActiveCfg = Debug|Any CPU
		{5AF3EF91-F888-4153-8F1F-DD9EA758458D}.Debug|x86.Build.0 = Debug|Any CPU
		{5AF3EF91-F888-4153-8F1F-DD9EA758458D}.Release|Any CPU.ActiveCfg = Release|Any CPU
		{5AF3EF91-F888-4153-8F1F-DD9EA758458D}.Release|Any CPU.Build.0 = Release|Any CPU
		{5AF3EF91-F888-4153-8F1F-DD9EA758458D}.Release|x64.ActiveCfg = Release|Any CPU
		{5AF3EF91-F888-4153-8F1F-DD9EA758458D}.Release|x64.Build.0 = Release|Any CPU
		{5AF3EF91-F888-4153-8F1F-DD9EA758458D}.Release|x86.ActiveCfg = Release|Any CPU
		{5AF3EF91-F888-4153-8F1F-DD9EA758458D}.Release|x86.Build.0 = Release|Any CPU
		{5B438182-F2FD-44BF-BFF4-DA2646926173}.Debug|Any CPU.ActiveCfg = Debug|Any CPU
		{5B438182-F2FD-44BF-BFF4-DA2646926173}.Debug|Any CPU.Build.0 = Debug|Any CPU
		{5B438182-F2FD-44BF-BFF4-DA2646926173}.Debug|x64.ActiveCfg = Debug|Any CPU
		{5B438182-F2FD-44BF-BFF4-DA2646926173}.Debug|x64.Build.0 = Debug|Any CPU
		{5B438182-F2FD-44BF-BFF4-DA2646926173}.Debug|x86.ActiveCfg = Debug|Any CPU
		{5B438182-F2FD-44BF-BFF4-DA2646926173}.Debug|x86.Build.0 = Debug|Any CPU
		{5B438182-F2FD-44BF-BFF4-DA2646926173}.Release|Any CPU.ActiveCfg = Release|Any CPU
		{5B438182-F2FD-44BF-BFF4-DA2646926173}.Release|Any CPU.Build.0 = Release|Any CPU
		{5B438182-F2FD-44BF-BFF4-DA2646926173}.Release|x64.ActiveCfg = Release|Any CPU
		{5B438182-F2FD-44BF-BFF4-DA2646926173}.Release|x64.Build.0 = Release|Any CPU
		{5B438182-F2FD-44BF-BFF4-DA2646926173}.Release|x86.ActiveCfg = Release|Any CPU
		{5B438182-F2FD-44BF-BFF4-DA2646926173}.Release|x86.Build.0 = Release|Any CPU
		{948444E3-7FD3-461B-9D3B-352A362D02CD}.Debug|Any CPU.ActiveCfg = Debug|Any CPU
		{948444E3-7FD3-461B-9D3B-352A362D02CD}.Debug|Any CPU.Build.0 = Debug|Any CPU
		{948444E3-7FD3-461B-9D3B-352A362D02CD}.Debug|x64.ActiveCfg = Debug|Any CPU
		{948444E3-7FD3-461B-9D3B-352A362D02CD}.Debug|x64.Build.0 = Debug|Any CPU
		{948444E3-7FD3-461B-9D3B-352A362D02CD}.Debug|x86.ActiveCfg = Debug|Any CPU
		{948444E3-7FD3-461B-9D3B-352A362D02CD}.Debug|x86.Build.0 = Debug|Any CPU
		{948444E3-7FD3-461B-9D3B-352A362D02CD}.Release|Any CPU.ActiveCfg = Release|Any CPU
		{948444E3-7FD3-461B-9D3B-352A362D02CD}.Release|Any CPU.Build.0 = Release|Any CPU
		{948444E3-7FD3-461B-9D3B-352A362D02CD}.Release|x64.ActiveCfg = Release|Any CPU
		{948444E3-7FD3-461B-9D3B-352A362D02CD}.Release|x64.Build.0 = Release|Any CPU
		{948444E3-7FD3-461B-9D3B-352A362D02CD}.Release|x86.ActiveCfg = Release|Any CPU
		{948444E3-7FD3-461B-9D3B-352A362D02CD}.Release|x86.Build.0 = Release|Any CPU
		{687D4058-589C-421C-807A-2705B9D93152}.Debug|Any CPU.ActiveCfg = Debug|Any CPU
		{687D4058-589C-421C-807A-2705B9D93152}.Debug|Any CPU.Build.0 = Debug|Any CPU
		{687D4058-589C-421C-807A-2705B9D93152}.Debug|x64.ActiveCfg = Debug|Any CPU
		{687D4058-589C-421C-807A-2705B9D93152}.Debug|x64.Build.0 = Debug|Any CPU
		{687D4058-589C-421C-807A-2705B9D93152}.Debug|x86.ActiveCfg = Debug|Any CPU
		{687D4058-589C-421C-807A-2705B9D93152}.Debug|x86.Build.0 = Debug|Any CPU
		{687D4058-589C-421C-807A-2705B9D93152}.Release|Any CPU.ActiveCfg = Release|Any CPU
		{687D4058-589C-421C-807A-2705B9D93152}.Release|Any CPU.Build.0 = Release|Any CPU
		{687D4058-589C-421C-807A-2705B9D93152}.Release|x64.ActiveCfg = Release|Any CPU
		{687D4058-589C-421C-807A-2705B9D93152}.Release|x64.Build.0 = Release|Any CPU
		{687D4058-589C-421C-807A-2705B9D93152}.Release|x86.ActiveCfg = Release|Any CPU
		{687D4058-589C-421C-807A-2705B9D93152}.Release|x86.Build.0 = Release|Any CPU
		{6E9E291E-A086-43AA-8EC7-DE1C1E54A494}.Debug|Any CPU.ActiveCfg = Debug|Any CPU
		{6E9E291E-A086-43AA-8EC7-DE1C1E54A494}.Debug|Any CPU.Build.0 = Debug|Any CPU
		{6E9E291E-A086-43AA-8EC7-DE1C1E54A494}.Debug|x64.ActiveCfg = Debug|Any CPU
		{6E9E291E-A086-43AA-8EC7-DE1C1E54A494}.Debug|x64.Build.0 = Debug|Any CPU
		{6E9E291E-A086-43AA-8EC7-DE1C1E54A494}.Debug|x86.ActiveCfg = Debug|Any CPU
		{6E9E291E-A086-43AA-8EC7-DE1C1E54A494}.Debug|x86.Build.0 = Debug|Any CPU
		{6E9E291E-A086-43AA-8EC7-DE1C1E54A494}.Release|Any CPU.ActiveCfg = Release|Any CPU
		{6E9E291E-A086-43AA-8EC7-DE1C1E54A494}.Release|Any CPU.Build.0 = Release|Any CPU
		{6E9E291E-A086-43AA-8EC7-DE1C1E54A494}.Release|x64.ActiveCfg = Release|Any CPU
		{6E9E291E-A086-43AA-8EC7-DE1C1E54A494}.Release|x64.Build.0 = Release|Any CPU
		{6E9E291E-A086-43AA-8EC7-DE1C1E54A494}.Release|x86.ActiveCfg = Release|Any CPU
		{6E9E291E-A086-43AA-8EC7-DE1C1E54A494}.Release|x86.Build.0 = Release|Any CPU
	EndGlobalSection
	GlobalSection(SolutionProperties) = preSolution
		HideSolutionNode = FALSE
	EndGlobalSection
	GlobalSection(NestedProjects) = preSolution
		{67288952-EC19-42EF-8440-89DE606B8332} = {02EA681E-C7D8-13C7-8484-4AC65E1B71E8}
		{5B438182-F2FD-44BF-BFF4-DA2646926173} = {67288952-EC19-42EF-8440-89DE606B8332}
		{B74ED130-1E0E-43F2-A80A-F1DB2666C0AF} = {02EA681E-C7D8-13C7-8484-4AC65E1B71E8}
		{948444E3-7FD3-461B-9D3B-352A362D02CD} = {B74ED130-1E0E-43F2-A80A-F1DB2666C0AF}
		{08848FA5-FB61-490B-B95D-74A211ABAC5E} = {02EA681E-C7D8-13C7-8484-4AC65E1B71E8}
		{687D4058-589C-421C-807A-2705B9D93152} = {08848FA5-FB61-490B-B95D-74A211ABAC5E}
	EndGlobalSection
	GlobalSection(ExtensibilityGlobals) = postSolution
		SolutionGuid = {9BAAF667-0913-4A17-A7BA-E3C4C9C4D7C3}
	EndGlobalSection
EndGlobal
